
Microsoft Visual Studio Solution File, Format Version 12.00
# Visual Studio 15
VisualStudioVersion = 15.0.26430.14
MinimumVisualStudioVersion = 10.0.40219.1
Project("{FAE04EC0-301F-11D3-BF4B-00C04F79EFBC}") = "Logic", "Logic\Logic.csproj", "{6674795A-447B-4DA8-AF25-A7C7EC724BE1}"
EndProject
Project("{FAE04EC0-301F-11D3-BF4B-00C04F79EFBC}") = "Logic.Tests", "Logic.Tests\Logic.Tests.csproj", "{41786FDF-D0C0-4D5D-A37E-102B7087635C}"
EndProject
Project("{FAE04EC0-301F-11D3-BF4B-00C04F79EFBC}") = "ConsoleUI", "ConsoleUI\ConsoleUI.csproj", "{820A6EA9-46D3-4274-9630-7A2BDEF8F15C}"
EndProject
Global
	GlobalSection(SolutionConfigurationPlatforms) = preSolution
		Debug|Any CPU = Debug|Any CPU
		Release|Any CPU = Release|Any CPU
	EndGlobalSection
	GlobalSection(ProjectConfigurationPlatforms) = postSolution
		{6674795A-447B-4DA8-AF25-A7C7EC724BE1}.Debug|Any CPU.ActiveCfg = Debug|Any CPU
		{6674795A-447B-4DA8-AF25-A7C7EC724BE1}.Debug|Any CPU.Build.0 = Debug|Any CPU
		{6674795A-447B-4DA8-AF25-A7C7EC724BE1}.Release|Any CPU.ActiveCfg = Release|Any CPU
		{6674795A-447B-4DA8-AF25-A7C7EC724BE1}.Release|Any CPU.Build.0 = Release|Any CPU
		{41786FDF-D0C0-4D5D-A37E-102B7087635C}.Debug|Any CPU.ActiveCfg = Debug|Any CPU
		{41786FDF-D0C0-4D5D-A37E-102B7087635C}.Debug|Any CPU.Build.0 = Debug|Any CPU
		{41786FDF-D0C0-4D5D-A37E-102B7087635C}.Release|Any CPU.ActiveCfg = Release|Any CPU
		{41786FDF-D0C0-4D5D-A37E-102B7087635C}.Release|Any CPU.Build.0 = Release|Any CPU
		{820A6EA9-46D3-4274-9630-7A2BDEF8F15C}.Debug|Any CPU.ActiveCfg = Debug|Any CPU
		{820A6EA9-46D3-4274-9630-7A2BDEF8F15C}.Debug|Any CPU.Build.0 = Debug|Any CPU
		{820A6EA9-46D3-4274-9630-7A2BDEF8F15C}.Release|Any CPU.ActiveCfg = Release|Any CPU
		{820A6EA9-46D3-4274-9630-7A2BDEF8F15C}.Release|Any CPU.Build.0 = Release|Any CPU
	EndGlobalSection
	GlobalSection(SolutionProperties) = preSolution
		HideSolutionNode = FALSE
	EndGlobalSection
EndGlobal
